
Microsoft Visual Studio Solution File, Format Version 12.00
# Visual Studio Version 16
VisualStudioVersion = 16.0.30503.244
MinimumVisualStudioVersion = 10.0.40219.1
Project("{9A19103F-16F7-4668-BE54-9A1E7A4F7556}") = "BlazorApp", "BlazorApp.csproj", "{692E6BE6-63BF-430E-A93B-200DCDFA6ECD}"
EndProject
Project("{9A19103F-16F7-4668-BE54-9A1E7A4F7556}") = "BlazorApp.Models", "..\BlazorApp.Models\BlazorApp.Models.csproj", "{99542A85-FD65-451B-B496-CA6EE282A60B}"
EndProject
Global
	GlobalSection(SolutionConfigurationPlatforms) = preSolution
		Debug|Any CPU = Debug|Any CPU
		Release|Any CPU = Release|Any CPU
	EndGlobalSection
	GlobalSection(ProjectConfigurationPlatforms) = postSolution
		{692E6BE6-63BF-430E-A93B-200DCDFA6ECD}.Debug|Any CPU.ActiveCfg = Debug|Any CPU
		{692E6BE6-63BF-430E-A93B-200DCDFA6ECD}.Debug|Any CPU.Build.0 = Debug|Any CPU
		{692E6BE6-63BF-430E-A93B-200DCDFA6ECD}.Release|Any CPU.ActiveCfg = Release|Any CPU
		{692E6BE6-63BF-430E-A93B-200DCDFA6ECD}.Release|Any CPU.Build.0 = Release|Any CPU
		{99542A85-FD65-451B-B496-CA6EE282A60B}.Debug|Any CPU.ActiveCfg = Debug|Any CPU
		{99542A85-FD65-451B-B496-CA6EE282A60B}.Debug|Any CPU.Build.0 = Debug|Any CPU
		{99542A85-FD65-451B-B496-CA6EE282A60B}.Release|Any CPU.ActiveCfg = Release|Any CPU
		{99542A85-FD65-451B-B496-CA6EE282A60B}.Release|Any CPU.Build.0 = Release|Any CPU
	EndGlobalSection
	GlobalSection(SolutionProperties) = preSolution
		HideSolutionNode = FALSE
	EndGlobalSection
	GlobalSection(ExtensibilityGlobals) = postSolution
		SolutionGuid = {D8DD78F7-AE73-4160-A7DC-135B1609E73F}
	EndGlobalSection
EndGlobal
